
Microsoft Visual Studio Solution File, Format Version 12.00
# Visual Studio Version 17
VisualStudioVersion = 17.2.32616.157
MinimumVisualStudioVersion = 10.0.40219.1
Project("{9A19103F-16F7-4668-BE54-9A1E7A4F7556}") = "Micasa", "Micasa.csproj", "{DA3047ED-97AE-4B2F-ADDB-7396155A01BA}"
EndProject
Project("{54435603-DBB4-11D2-8724-00A0C9A8B90C}") = "Installer", "Installer\Installer\Installer.vdproj", "{7E299FF1-96A5-492F-97AC-E12009A65E8F}"
EndProject
Global
	GlobalSection(SolutionConfigurationPlatforms) = preSolution
		Debug|Any CPU = Debug|Any CPU
		Release|Any CPU = Release|Any CPU
	EndGlobalSection
	GlobalSection(ProjectConfigurationPlatforms) = postSolution
		{DA3047ED-97AE-4B2F-ADDB-7396155A01BA}.Debug|Any CPU.ActiveCfg = Debug|Any CPU
		{DA3047ED-97AE-4B2F-ADDB-7396155A01BA}.Debug|Any CPU.Build.0 = Debug|Any CPU
		{DA3047ED-97AE-4B2F-ADDB-7396155A01BA}.Release|Any CPU.ActiveCfg = Release|Any CPU
		{DA3047ED-97AE-4B2F-ADDB-7396155A01BA}.Release|Any CPU.Build.0 = Release|Any CPU
		{7E299FF1-96A5-492F-97AC-E12009A65E8F}.Debug|Any CPU.ActiveCfg = Debug
		{7E299FF1-96A5-492F-97AC-E12009A65E8F}.Release|Any CPU.ActiveCfg = Release
	EndGlobalSection
	GlobalSection(SolutionProperties) = preSolution
		HideSolutionNode = FALSE
	EndGlobalSection
	GlobalSection(ExtensibilityGlobals) = postSolution
		SolutionGuid = {D7B74B9D-F0F0-4C3F-88BF-E2CBC1E2F246}
	EndGlobalSection
EndGlobal
